
Microsoft Visual Studio Solution File, Format Version 12.00
# Visual Studio 14
VisualStudioVersion = 14.0.23023.0
MinimumVisualStudioVersion = 10.0.40219.1
Project("{FAE04EC0-301F-11D3-BF4B-00C04F79EFBC}") = "UniRx.Awaitable", "UniRx.Awaitable\UniRx.Awaitable.csproj", "{79E3E259-C634-41BA-AB46-C107D2A18CAA}"
EndProject
Project("{FAE04EC0-301F-11D3-BF4B-00C04F79EFBC}") = "SampleModels", "SampleModels\SampleModels.csproj", "{1BE876BA-1CB7-49B9-9013-F214CB7E384E}"
EndProject
Project("{FAE04EC0-301F-11D3-BF4B-00C04F79EFBC}") = "SampleConsole", "SampleConsole\SampleConsole.csproj", "{27A18D7A-14A5-434C-95DE-F01B1B928B27}"
EndProject
Global
	GlobalSection(SolutionConfigurationPlatforms) = preSolution
		Debug|Any CPU = Debug|Any CPU
		Release|Any CPU = Release|Any CPU
	EndGlobalSection
	GlobalSection(ProjectConfigurationPlatforms) = postSolution
		{79E3E259-C634-41BA-AB46-C107D2A18CAA}.Debug|Any CPU.ActiveCfg = Debug|Any CPU
		{79E3E259-C634-41BA-AB46-C107D2A18CAA}.Debug|Any CPU.Build.0 = Debug|Any CPU
		{79E3E259-C634-41BA-AB46-C107D2A18CAA}.Release|Any CPU.ActiveCfg = Release|Any CPU
		{79E3E259-C634-41BA-AB46-C107D2A18CAA}.Release|Any CPU.Build.0 = Release|Any CPU
		{1BE876BA-1CB7-49B9-9013-F214CB7E384E}.Debug|Any CPU.ActiveCfg = Debug|Any CPU
		{1BE876BA-1CB7-49B9-9013-F214CB7E384E}.Debug|Any CPU.Build.0 = Debug|Any CPU
		{1BE876BA-1CB7-49B9-9013-F214CB7E384E}.Release|Any CPU.ActiveCfg = Release|Any CPU
		{1BE876BA-1CB7-49B9-9013-F214CB7E384E}.Release|Any CPU.Build.0 = Release|Any CPU
		{27A18D7A-14A5-434C-95DE-F01B1B928B27}.Debug|Any CPU.ActiveCfg = Debug|Any CPU
		{27A18D7A-14A5-434C-95DE-F01B1B928B27}.Debug|Any CPU.Build.0 = Debug|Any CPU
		{27A18D7A-14A5-434C-95DE-F01B1B928B27}.Release|Any CPU.ActiveCfg = Release|Any CPU
		{27A18D7A-14A5-434C-95DE-F01B1B928B27}.Release|Any CPU.Build.0 = Release|Any CPU
	EndGlobalSection
	GlobalSection(SolutionProperties) = preSolution
		HideSolutionNode = FALSE
	EndGlobalSection
EndGlobal
